
Microsoft Visual Studio Solution File, Format Version 12.00
# Visual Studio 14
VisualStudioVersion = 14.0.23107.0
MinimumVisualStudioVersion = 10.0.40219.1
Project("{FAE04EC0-301F-11D3-BF4B-00C04F79EFBC}") = "RemoteCRCCards.App", "RemoteCRCCards.App\RemoteCRCCards.App.csproj", "{C3653C6A-A500-4850-817D-E064797FBE8C}"
EndProject
Project("{FAE04EC0-301F-11D3-BF4B-00C04F79EFBC}") = "RemoteCRCCards.Tests", "RemoteCRCCards.Tests\RemoteCRCCards.Tests.csproj", "{EAF43947-757F-4858-8CDD-F30A9EFAB9CD}"
EndProject
Global
	GlobalSection(SolutionConfigurationPlatforms) = preSolution
		Debug|Any CPU = Debug|Any CPU
		Release|Any CPU = Release|Any CPU
	EndGlobalSection
	GlobalSection(ProjectConfigurationPlatforms) = postSolution
		{C3653C6A-A500-4850-817D-E064797FBE8C}.Debug|Any CPU.ActiveCfg = Debug|Any CPU
		{C3653C6A-A500-4850-817D-E064797FBE8C}.Debug|Any CPU.Build.0 = Debug|Any CPU
		{C3653C6A-A500-4850-817D-E064797FBE8C}.Release|Any CPU.ActiveCfg = Release|Any CPU
		{C3653C6A-A500-4850-817D-E064797FBE8C}.Release|Any CPU.Build.0 = Release|Any CPU
		{EAF43947-757F-4858-8CDD-F30A9EFAB9CD}.Debug|Any CPU.ActiveCfg = Debug|Any CPU
		{EAF43947-757F-4858-8CDD-F30A9EFAB9CD}.Debug|Any CPU.Build.0 = Debug|Any CPU
		{EAF43947-757F-4858-8CDD-F30A9EFAB9CD}.Release|Any CPU.ActiveCfg = Release|Any CPU
		{EAF43947-757F-4858-8CDD-F30A9EFAB9CD}.Release|Any CPU.Build.0 = Release|Any CPU
	EndGlobalSection
	GlobalSection(SolutionProperties) = preSolution
		HideSolutionNode = FALSE
	EndGlobalSection
EndGlobal
